
Microsoft Visual Studio Solution File, Format Version 12.00
# Visual Studio 15
VisualStudioVersion = 15.0.28307.757
MinimumVisualStudioVersion = 10.0.40219.1
Project("{FAE04EC0-301F-11D3-BF4B-00C04F79EFBC}") = "BeatSaberToSeriousGameConverter", "BeatSaberToSeriousGameConverter\BeatSaberToSeriousGameConverter.csproj", "{9A26E120-B6B4-4240-9CF9-7659CC931EF8}"
EndProject
Global
	GlobalSection(SolutionConfigurationPlatforms) = preSolution
		Debug|Any CPU = Debug|Any CPU
		Release|Any CPU = Release|Any CPU
	EndGlobalSection
	GlobalSection(ProjectConfigurationPlatforms) = postSolution
		{9A26E120-B6B4-4240-9CF9-7659CC931EF8}.Debug|Any CPU.ActiveCfg = Debug|Any CPU
		{9A26E120-B6B4-4240-9CF9-7659CC931EF8}.Debug|Any CPU.Build.0 = Debug|Any CPU
		{9A26E120-B6B4-4240-9CF9-7659CC931EF8}.Release|Any CPU.ActiveCfg = Release|Any CPU
		{9A26E120-B6B4-4240-9CF9-7659CC931EF8}.Release|Any CPU.Build.0 = Release|Any CPU
	EndGlobalSection
	GlobalSection(SolutionProperties) = preSolution
		HideSolutionNode = FALSE
	EndGlobalSection
	GlobalSection(ExtensibilityGlobals) = postSolution
		SolutionGuid = {DEF048D6-9FD7-4874-9D55-AA41FDFE1570}
	EndGlobalSection
EndGlobal
